// !$*UTF8*$!
{
	archiveVersion = 1;
	classes = {
	};
	objectVersion = 48;
	objects = {

/* Begin PBXBuildFile section */
		14B0B062004551BFA03072AA /* Pods_Tempo_WatchKit_App.framework in Frameworks */ = {isa = PBXBuildFile; fileRef = 8E29EA97CF7083E3E3B39D4A /* Pods_Tempo_WatchKit_App.framework */; };
		C98BC9CCBECD4048763B0B86 /* Pods_Tempo.framework in Frameworks */ = {isa = PBXBuildFile; fileRef = 263511DDB30533496F71F807 /* Pods_Tempo.framework */; };
		D36C8D040E64DF53AA00FCD3 /* Pods_Tempo_WatchKit_Extension.framework in Frameworks */ = {isa = PBXBuildFile; fileRef = 3CDF85D834655F289FB34490 /* Pods_Tempo_WatchKit_Extension.framework */; };
		E308B43F2034713100FB1EE5 /* beep.wav in Resources */ = {isa = PBXBuildFile; fileRef = E36B1A9120333FCA00F21269 /* beep.wav */; };
		E308B4412034761500FB1EE5 /* WorkoutManager.swift in Sources */ = {isa = PBXBuildFile; fileRef = E308B4402034761500FB1EE5 /* WorkoutManager.swift */; };
		E308B443203485B200FB1EE5 /* WatchUtilHelper.swift in Sources */ = {isa = PBXBuildFile; fileRef = E308B442203485B200FB1EE5 /* WatchUtilHelper.swift */; };
		E313CBB1203733F10018D727 /* UIPickerView+Label.swift in Sources */ = {isa = PBXBuildFile; fileRef = E313CBB0203733F10018D727 /* UIPickerView+Label.swift */; };
		E31D255B203E46BC000FDCA0 /* AudioManager.swift in Sources */ = {isa = PBXBuildFile; fileRef = E31D255A203E46BC000FDCA0 /* AudioManager.swift */; };
		E33D08192038C7F6005C3A88 /* WKInterfaceDevice+WatchResolution.swift in Sources */ = {isa = PBXBuildFile; fileRef = E35392DA2037DC60000BCAF6 /* WKInterfaceDevice+WatchResolution.swift */; };
		E33D081B2038C857005C3A88 /* UtilHelper.swift in Sources */ = {isa = PBXBuildFile; fileRef = E33D081A2038C857005C3A88 /* UtilHelper.swift */; };
		E342893E20321ABF004547E2 /* AppDelegate.swift in Sources */ = {isa = PBXBuildFile; fileRef = E342893D20321ABF004547E2 /* AppDelegate.swift */; };
		E342894020321ABF004547E2 /* MainMenuViewController.swift in Sources */ = {isa = PBXBuildFile; fileRef = E342893F20321ABF004547E2 /* MainMenuViewController.swift */; };
		E342894320321ABF004547E2 /* Main.storyboard in Resources */ = {isa = PBXBuildFile; fileRef = E342894120321ABF004547E2 /* Main.storyboard */; };
		E342894520321ABF004547E2 /* Assets.xcassets in Resources */ = {isa = PBXBuildFile; fileRef = E342894420321ABF004547E2 /* Assets.xcassets */; };
		E342894820321ABF004547E2 /* LaunchScreen.storyboard in Resources */ = {isa = PBXBuildFile; fileRef = E342894620321ABF004547E2 /* LaunchScreen.storyboard */; };
		E342894D20321ABF004547E2 /* Tempo WatchKit App.app in Embed Watch Content */ = {isa = PBXBuildFile; fileRef = E342894C20321ABF004547E2 /* Tempo WatchKit App.app */; };
		E342895320321ABF004547E2 /* Interface.storyboard in Resources */ = {isa = PBXBuildFile; fileRef = E342895120321ABF004547E2 /* Interface.storyboard */; };
		E342895520321ABF004547E2 /* Assets.xcassets in Resources */ = {isa = PBXBuildFile; fileRef = E342895420321ABF004547E2 /* Assets.xcassets */; };
		E342895C20321ABF004547E2 /* Tempo WatchKit Extension.appex in Embed App Extensions */ = {isa = PBXBuildFile; fileRef = E342895B20321ABF004547E2 /* Tempo WatchKit Extension.appex */; settings = {ATTRIBUTES = (RemoveHeadersOnCopy, ); }; };
		E342896120321ABF004547E2 /* TimerController.swift in Sources */ = {isa = PBXBuildFile; fileRef = E342896020321ABF004547E2 /* TimerController.swift */; };
		E342896320321ABF004547E2 /* ExtensionDelegate.swift in Sources */ = {isa = PBXBuildFile; fileRef = E342896220321ABF004547E2 /* ExtensionDelegate.swift */; };
		E342896720321ABF004547E2 /* Assets.xcassets in Resources */ = {isa = PBXBuildFile; fileRef = E342896620321ABF004547E2 /* Assets.xcassets */; };
		E342897820322F2E004547E2 /* MainMenuController.swift in Sources */ = {isa = PBXBuildFile; fileRef = E342897720322F2E004547E2 /* MainMenuController.swift */; };
		E35392DF20388F05000BCAF6 /* TimerViewController.swift in Sources */ = {isa = PBXBuildFile; fileRef = E35392DE20388F05000BCAF6 /* TimerViewController.swift */; };
		E36B1A9020333C4D00F21269 /* AudioManager.swift in Sources */ = {isa = PBXBuildFile; fileRef = E36B1A8F20333C4D00F21269 /* AudioManager.swift */; };
		E36B1A9220333FCA00F21269 /* beep.wav in Resources */ = {isa = PBXBuildFile; fileRef = E36B1A9120333FCA00F21269 /* beep.wav */; };
		E3AF0A72203E26CD00375795 /* beep.wav in Resources */ = {isa = PBXBuildFile; fileRef = E3AF0A71203E26CD00375795 /* beep.wav */; };
		E3B167F22032A2A200AD7F7A /* Double+Round.swift in Sources */ = {isa = PBXBuildFile; fileRef = E3E537D22032A12C00A3D8A7 /* Double+Round.swift */; };
		E3E537D32032A12C00A3D8A7 /* Double+Round.swift in Sources */ = {isa = PBXBuildFile; fileRef = E3E537D22032A12C00A3D8A7 /* Double+Round.swift */; };
		E3E6362F203A474100CA0513 /* LapCell.swift in Sources */ = {isa = PBXBuildFile; fileRef = E3E6362E203A474100CA0513 /* LapCell.swift */; };
/* End PBXBuildFile section */

/* Begin PBXContainerItemProxy section */
		E342894E20321ABF004547E2 /* PBXContainerItemProxy */ = {
			isa = PBXContainerItemProxy;
			containerPortal = E342893220321ABF004547E2 /* Project object */;
			proxyType = 1;
			remoteGlobalIDString = E342894B20321ABF004547E2;
			remoteInfo = "Tempo WatchKit App";
		};
		E342895D20321ABF004547E2 /* PBXContainerItemProxy */ = {
			isa = PBXContainerItemProxy;
			containerPortal = E342893220321ABF004547E2 /* Project object */;
			proxyType = 1;
			remoteGlobalIDString = E342895A20321ABF004547E2;
			remoteInfo = "Tempo WatchKit Extension";
		};
/* End PBXContainerItemProxy section */

/* Begin PBXCopyFilesBuildPhase section */
		E342896F20321ABF004547E2 /* Embed App Extensions */ = {
			isa = PBXCopyFilesBuildPhase;
			buildActionMask = 2147483647;
			dstPath = "";
			dstSubfolderSpec = 13;
			files = (
				E342895C20321ABF004547E2 /* Tempo WatchKit Extension.appex in Embed App Extensions */,
			);
			name = "Embed App Extensions";
			runOnlyForDeploymentPostprocessing = 0;
		};
		E342897320321ABF004547E2 /* Embed Watch Content */ = {
			isa = PBXCopyFilesBuildPhase;
			buildActionMask = 2147483647;
			dstPath = "$(CONTENTS_FOLDER_PATH)/Watch";
			dstSubfolderSpec = 16;
			files = (
				E342894D20321ABF004547E2 /* Tempo WatchKit App.app in Embed Watch Content */,
			);
			name = "Embed Watch Content";
			runOnlyForDeploymentPostprocessing = 0;
		};
/* End PBXCopyFilesBuildPhase section */

/* Begin PBXFileReference section */
		07A6B660D14AD5CBFA5E30A4 /* Pods-Tempo WatchKit Extension.debug.xcconfig */ = {isa = PBXFileReference; includeInIndex = 1; lastKnownFileType = text.xcconfig; name = "Pods-Tempo WatchKit Extension.debug.xcconfig"; path = "Pods/Target Support Files/Pods-Tempo WatchKit Extension/Pods-Tempo WatchKit Extension.debug.xcconfig"; sourceTree = "<group>"; };
		263511DDB30533496F71F807 /* Pods_Tempo.framework */ = {isa = PBXFileReference; explicitFileType = wrapper.framework; includeInIndex = 0; path = Pods_Tempo.framework; sourceTree = BUILT_PRODUCTS_DIR; };
		3CDF85D834655F289FB34490 /* Pods_Tempo_WatchKit_Extension.framework */ = {isa = PBXFileReference; explicitFileType = wrapper.framework; includeInIndex = 0; path = Pods_Tempo_WatchKit_Extension.framework; sourceTree = BUILT_PRODUCTS_DIR; };
		7EBA69B720A5CA784C107CA3 /* Pods-Tempo.release.xcconfig */ = {isa = PBXFileReference; includeInIndex = 1; lastKnownFileType = text.xcconfig; name = "Pods-Tempo.release.xcconfig"; path = "Pods/Target Support Files/Pods-Tempo/Pods-Tempo.release.xcconfig"; sourceTree = "<group>"; };
		8E29EA97CF7083E3E3B39D4A /* Pods_Tempo_WatchKit_App.framework */ = {isa = PBXFileReference; explicitFileType = wrapper.framework; includeInIndex = 0; path = Pods_Tempo_WatchKit_App.framework; sourceTree = BUILT_PRODUCTS_DIR; };
		91BF3D9D19136007730CE085 /* Pods-Tempo WatchKit App.release.xcconfig */ = {isa = PBXFileReference; includeInIndex = 1; lastKnownFileType = text.xcconfig; name = "Pods-Tempo WatchKit App.release.xcconfig"; path = "Pods/Target Support Files/Pods-Tempo WatchKit App/Pods-Tempo WatchKit App.release.xcconfig"; sourceTree = "<group>"; };
		BCB79FEF48FDA4CBFD8BE50D /* Pods-Tempo.debug.xcconfig */ = {isa = PBXFileReference; includeInIndex = 1; lastKnownFileType = text.xcconfig; name = "Pods-Tempo.debug.xcconfig"; path = "Pods/Target Support Files/Pods-Tempo/Pods-Tempo.debug.xcconfig"; sourceTree = "<group>"; };
		DB84535AA2B52512D85A87FD /* Pods-Tempo WatchKit Extension.release.xcconfig */ = {isa = PBXFileReference; includeInIndex = 1; lastKnownFileType = text.xcconfig; name = "Pods-Tempo WatchKit Extension.release.xcconfig"; path = "Pods/Target Support Files/Pods-Tempo WatchKit Extension/Pods-Tempo WatchKit Extension.release.xcconfig"; sourceTree = "<group>"; };
		E308B4402034761500FB1EE5 /* WorkoutManager.swift */ = {isa = PBXFileReference; lastKnownFileType = sourcecode.swift; path = WorkoutManager.swift; sourceTree = "<group>"; };
		E308B442203485B200FB1EE5 /* WatchUtilHelper.swift */ = {isa = PBXFileReference; lastKnownFileType = sourcecode.swift; path = WatchUtilHelper.swift; sourceTree = "<group>"; };
		E313CBB0203733F10018D727 /* UIPickerView+Label.swift */ = {isa = PBXFileReference; lastKnownFileType = sourcecode.swift; path = "UIPickerView+Label.swift"; sourceTree = "<group>"; };
		E31D255A203E46BC000FDCA0 /* AudioManager.swift */ = {isa = PBXFileReference; lastKnownFileType = sourcecode.swift; path = AudioManager.swift; sourceTree = "<group>"; };
		E33D081A2038C857005C3A88 /* UtilHelper.swift */ = {isa = PBXFileReference; lastKnownFileType = sourcecode.swift; path = UtilHelper.swift; sourceTree = "<group>"; };
		E342893A20321ABF004547E2 /* Tempo.app */ = {isa = PBXFileReference; explicitFileType = wrapper.application; includeInIndex = 0; path = Tempo.app; sourceTree = BUILT_PRODUCTS_DIR; };
		E342893D20321ABF004547E2 /* AppDelegate.swift */ = {isa = PBXFileReference; lastKnownFileType = sourcecode.swift; path = AppDelegate.swift; sourceTree = "<group>"; };
		E342893F20321ABF004547E2 /* MainMenuViewController.swift */ = {isa = PBXFileReference; lastKnownFileType = sourcecode.swift; path = MainMenuViewController.swift; sourceTree = "<group>"; };
		E342894220321ABF004547E2 /* Base */ = {isa = PBXFileReference; lastKnownFileType = file.storyboard; name = Base; path = Base.lproj/Main.storyboard; sourceTree = "<group>"; };
		E342894420321ABF004547E2 /* Assets.xcassets */ = {isa = PBXFileReference; lastKnownFileType = folder.assetcatalog; path = Assets.xcassets; sourceTree = "<group>"; };
		E342894720321ABF004547E2 /* Base */ = {isa = PBXFileReference; lastKnownFileType = file.storyboard; name = Base; path = Base.lproj/LaunchScreen.storyboard; sourceTree = "<group>"; };
		E342894920321ABF004547E2 /* Info.plist */ = {isa = PBXFileReference; lastKnownFileType = text.plist.xml; path = Info.plist; sourceTree = "<group>"; };
		E342894C20321ABF004547E2 /* Tempo WatchKit App.app */ = {isa = PBXFileReference; explicitFileType = wrapper.application; includeInIndex = 0; path = "Tempo WatchKit App.app"; sourceTree = BUILT_PRODUCTS_DIR; };
		E342895220321ABF004547E2 /* Base */ = {isa = PBXFileReference; lastKnownFileType = file.storyboard; name = Base; path = Base.lproj/Interface.storyboard; sourceTree = "<group>"; };
		E342895420321ABF004547E2 /* Assets.xcassets */ = {isa = PBXFileReference; lastKnownFileType = folder.assetcatalog; path = Assets.xcassets; sourceTree = "<group>"; };
		E342895620321ABF004547E2 /* Info.plist */ = {isa = PBXFileReference; lastKnownFileType = text.plist.xml; path = Info.plist; sourceTree = "<group>"; };
		E342895B20321ABF004547E2 /* Tempo WatchKit Extension.appex */ = {isa = PBXFileReference; explicitFileType = "wrapper.app-extension"; includeInIndex = 0; path = "Tempo WatchKit Extension.appex"; sourceTree = BUILT_PRODUCTS_DIR; };
		E342896020321ABF004547E2 /* TimerController.swift */ = {isa = PBXFileReference; lastKnownFileType = sourcecode.swift; path = TimerController.swift; sourceTree = "<group>"; };
		E342896220321ABF004547E2 /* ExtensionDelegate.swift */ = {isa = PBXFileReference; lastKnownFileType = sourcecode.swift; path = ExtensionDelegate.swift; sourceTree = "<group>"; };
		E342896620321ABF004547E2 /* Assets.xcassets */ = {isa = PBXFileReference; lastKnownFileType = folder.assetcatalog; path = Assets.xcassets; sourceTree = "<group>"; };
		E342896820321ABF004547E2 /* Info.plist */ = {isa = PBXFileReference; lastKnownFileType = text.plist.xml; path = Info.plist; sourceTree = "<group>"; };
		E342896920321ABF004547E2 /* PushNotificationPayload.apns */ = {isa = PBXFileReference; lastKnownFileType = text; path = PushNotificationPayload.apns; sourceTree = "<group>"; };
		E342897720322F2E004547E2 /* MainMenuController.swift */ = {isa = PBXFileReference; lastKnownFileType = sourcecode.swift; path = MainMenuController.swift; sourceTree = "<group>"; };
		E35392DA2037DC60000BCAF6 /* WKInterfaceDevice+WatchResolution.swift */ = {isa = PBXFileReference; lastKnownFileType = sourcecode.swift; path = "WKInterfaceDevice+WatchResolution.swift"; sourceTree = "<group>"; };
		E35392DE20388F05000BCAF6 /* TimerViewController.swift */ = {isa = PBXFileReference; lastKnownFileType = sourcecode.swift; path = TimerViewController.swift; sourceTree = "<group>"; };
		E36B1A8F20333C4D00F21269 /* AudioManager.swift */ = {isa = PBXFileReference; lastKnownFileType = sourcecode.swift; path = AudioManager.swift; sourceTree = "<group>"; };
		E36B1A9120333FCA00F21269 /* beep.wav */ = {isa = PBXFileReference; lastKnownFileType = audio.wav; path = beep.wav; sourceTree = "<group>"; };
		E3AF0A71203E26CD00375795 /* beep.wav */ = {isa = PBXFileReference; lastKnownFileType = audio.wav; path = beep.wav; sourceTree = "<group>"; };
		E3E537D22032A12C00A3D8A7 /* Double+Round.swift */ = {isa = PBXFileReference; lastKnownFileType = sourcecode.swift; path = "Double+Round.swift"; sourceTree = "<group>"; };
		E3E6362E203A474100CA0513 /* LapCell.swift */ = {isa = PBXFileReference; lastKnownFileType = sourcecode.swift; path = LapCell.swift; sourceTree = "<group>"; };
		FC310D69B67264E4D8E485EA /* Pods-Tempo WatchKit App.debug.xcconfig */ = {isa = PBXFileReference; includeInIndex = 1; lastKnownFileType = text.xcconfig; name = "Pods-Tempo WatchKit App.debug.xcconfig"; path = "Pods/Target Support Files/Pods-Tempo WatchKit App/Pods-Tempo WatchKit App.debug.xcconfig"; sourceTree = "<group>"; };
/* End PBXFileReference section */

/* Begin PBXFrameworksBuildPhase section */
		0AF3976E949CE43529EEACEE /* Frameworks */ = {
			isa = PBXFrameworksBuildPhase;
			buildActionMask = 2147483647;
			files = (
				14B0B062004551BFA03072AA /* Pods_Tempo_WatchKit_App.framework in Frameworks */,
			);
			runOnlyForDeploymentPostprocessing = 0;
		};
		E342893720321ABF004547E2 /* Frameworks */ = {
			isa = PBXFrameworksBuildPhase;
			buildActionMask = 2147483647;
			files = (
				C98BC9CCBECD4048763B0B86 /* Pods_Tempo.framework in Frameworks */,
			);
			runOnlyForDeploymentPostprocessing = 0;
		};
		E342895820321ABF004547E2 /* Frameworks */ = {
			isa = PBXFrameworksBuildPhase;
			buildActionMask = 2147483647;
			files = (
				D36C8D040E64DF53AA00FCD3 /* Pods_Tempo_WatchKit_Extension.framework in Frameworks */,
			);
			runOnlyForDeploymentPostprocessing = 0;
		};
/* End PBXFrameworksBuildPhase section */

/* Begin PBXGroup section */
		4F7D0A5C121D92DCFE247C8A /* Pods */ = {
			isa = PBXGroup;
			children = (
				BCB79FEF48FDA4CBFD8BE50D /* Pods-Tempo.debug.xcconfig */,
				7EBA69B720A5CA784C107CA3 /* Pods-Tempo.release.xcconfig */,
				FC310D69B67264E4D8E485EA /* Pods-Tempo WatchKit App.debug.xcconfig */,
				91BF3D9D19136007730CE085 /* Pods-Tempo WatchKit App.release.xcconfig */,
				07A6B660D14AD5CBFA5E30A4 /* Pods-Tempo WatchKit Extension.debug.xcconfig */,
				DB84535AA2B52512D85A87FD /* Pods-Tempo WatchKit Extension.release.xcconfig */,
			);
			name = Pods;
			sourceTree = "<group>";
		};
		E313CBAF203733DD0018D727 /* Extensions */ = {
			isa = PBXGroup;
			children = (
				E313CBB0203733F10018D727 /* UIPickerView+Label.swift */,
			);
			path = Extensions;
			sourceTree = "<group>";
		};
		E33D08182038C7B4005C3A88 /* Helpers */ = {
			isa = PBXGroup;
			children = (
				E33D081A2038C857005C3A88 /* UtilHelper.swift */,
				E31D255A203E46BC000FDCA0 /* AudioManager.swift */,
			);
			path = Helpers;
			sourceTree = "<group>";
		};
		E342893120321ABF004547E2 = {
			isa = PBXGroup;
			children = (
				E342893C20321ABF004547E2 /* Tempo */,
				E342895020321ABF004547E2 /* Tempo WatchKit App */,
				E342895F20321ABF004547E2 /* Tempo WatchKit Extension */,
				E342893B20321ABF004547E2 /* Products */,
				4F7D0A5C121D92DCFE247C8A /* Pods */,
				E96D9A18B072C4851E27AE1C /* Frameworks */,
			);
			sourceTree = "<group>";
		};
		E342893B20321ABF004547E2 /* Products */ = {
			isa = PBXGroup;
			children = (
				E342893A20321ABF004547E2 /* Tempo.app */,
				E342894C20321ABF004547E2 /* Tempo WatchKit App.app */,
				E342895B20321ABF004547E2 /* Tempo WatchKit Extension.appex */,
			);
			name = Products;
			sourceTree = "<group>";
		};
		E342893C20321ABF004547E2 /* Tempo */ = {
			isa = PBXGroup;
			children = (
				E348AD4D203E71B300CA762C /* Controller */,
				E348AD4C203E71AF00CA762C /* Model */,
				E3E6362D203A472100CA0513 /* View */,
				E33D08182038C7B4005C3A88 /* Helpers */,
				E313CBAF203733DD0018D727 /* Extensions */,
				E3AF0A71203E26CD00375795 /* beep.wav */,
				E342893D20321ABF004547E2 /* AppDelegate.swift */,
				E342893F20321ABF004547E2 /* MainMenuViewController.swift */,
				E35392DE20388F05000BCAF6 /* TimerViewController.swift */,
				E342894120321ABF004547E2 /* Main.storyboard */,
				E342894620321ABF004547E2 /* LaunchScreen.storyboard */,
				E342894420321ABF004547E2 /* Assets.xcassets */,
				E342894920321ABF004547E2 /* Info.plist */,
			);
			path = Tempo;
			sourceTree = "<group>";
		};
		E342895020321ABF004547E2 /* Tempo WatchKit App */ = {
			isa = PBXGroup;
			children = (
				E36B1A9120333FCA00F21269 /* beep.wav */,
				E342895120321ABF004547E2 /* Interface.storyboard */,
				E342895420321ABF004547E2 /* Assets.xcassets */,
				E342895620321ABF004547E2 /* Info.plist */,
			);
			path = "Tempo WatchKit App";
			sourceTree = "<group>";
		};
		E342895F20321ABF004547E2 /* Tempo WatchKit Extension */ = {
			isa = PBXGroup;
			children = (
				E36B1A8E20333C3000F21269 /* Helpers */,
				E3E537D12032A11800A3D8A7 /* Extensions */,
				E342897720322F2E004547E2 /* MainMenuController.swift */,
				E342896020321ABF004547E2 /* TimerController.swift */,
				E342896220321ABF004547E2 /* ExtensionDelegate.swift */,
				E342896620321ABF004547E2 /* Assets.xcassets */,
				E342896820321ABF004547E2 /* Info.plist */,
				E342896920321ABF004547E2 /* PushNotificationPayload.apns */,
			);
			path = "Tempo WatchKit Extension";
			sourceTree = "<group>";
		};
		E348AD4C203E71AF00CA762C /* Model */ = {
			isa = PBXGroup;
			children = (
			);
			path = Model;
			sourceTree = "<group>";
		};
		E348AD4D203E71B300CA762C /* Controller */ = {
			isa = PBXGroup;
			children = (
			);
			path = Controller;
			sourceTree = "<group>";
		};
		E36B1A8E20333C3000F21269 /* Helpers */ = {
			isa = PBXGroup;
			children = (
				E308B442203485B200FB1EE5 /* WatchUtilHelper.swift */,
				E36B1A8F20333C4D00F21269 /* AudioManager.swift */,
				E308B4402034761500FB1EE5 /* WorkoutManager.swift */,
			);
			path = Helpers;
			sourceTree = "<group>";
		};
		E3E537D12032A11800A3D8A7 /* Extensions */ = {
			isa = PBXGroup;
			children = (
				E3E537D22032A12C00A3D8A7 /* Double+Round.swift */,
				E35392DA2037DC60000BCAF6 /* WKInterfaceDevice+WatchResolution.swift */,
			);
			path = Extensions;
			sourceTree = "<group>";
		};
		E3E6362D203A472100CA0513 /* View */ = {
			isa = PBXGroup;
			children = (
				E3E6362E203A474100CA0513 /* LapCell.swift */,
			);
			path = View;
			sourceTree = "<group>";
		};
		E96D9A18B072C4851E27AE1C /* Frameworks */ = {
			isa = PBXGroup;
			children = (
				263511DDB30533496F71F807 /* Pods_Tempo.framework */,
				8E29EA97CF7083E3E3B39D4A /* Pods_Tempo_WatchKit_App.framework */,
				3CDF85D834655F289FB34490 /* Pods_Tempo_WatchKit_Extension.framework */,
			);
			name = Frameworks;
			sourceTree = "<group>";
		};
/* End PBXGroup section */

/* Begin PBXNativeTarget section */
		E342893920321ABF004547E2 /* Tempo */ = {
			isa = PBXNativeTarget;
			buildConfigurationList = E342897420321ABF004547E2 /* Build configuration list for PBXNativeTarget "Tempo" */;
			buildPhases = (
				1D1B27173DC6F4465C96C4C3 /* [CP] Check Pods Manifest.lock */,
				E342893620321ABF004547E2 /* Sources */,
				E342893720321ABF004547E2 /* Frameworks */,
				E342893820321ABF004547E2 /* Resources */,
				E342897320321ABF004547E2 /* Embed Watch Content */,
				2C2D4563C917E2EE0F5BBBF6 /* [CP] Embed Pods Frameworks */,
				C0E39011FAB6FEB306DF66A9 /* [CP] Copy Pods Resources */,
			);
			buildRules = (
			);
			dependencies = (
				E342894F20321ABF004547E2 /* PBXTargetDependency */,
			);
			name = Tempo;
			productName = Tempo;
			productReference = E342893A20321ABF004547E2 /* Tempo.app */;
			productType = "com.apple.product-type.application";
		};
		E342894B20321ABF004547E2 /* Tempo WatchKit App */ = {
			isa = PBXNativeTarget;
			buildConfigurationList = E342897020321ABF004547E2 /* Build configuration list for PBXNativeTarget "Tempo WatchKit App" */;
			buildPhases = (
				263A13A455E2333C18BD95F3 /* [CP] Check Pods Manifest.lock */,
				E342894A20321ABF004547E2 /* Resources */,
				E342896F20321ABF004547E2 /* Embed App Extensions */,
				0AF3976E949CE43529EEACEE /* Frameworks */,
				48B75A2DBE97B182CE66FB15 /* [CP] Copy Pods Resources */,
			);
			buildRules = (
			);
			dependencies = (
				E342895E20321ABF004547E2 /* PBXTargetDependency */,
			);
			name = "Tempo WatchKit App";
			productName = "Tempo WatchKit App";
			productReference = E342894C20321ABF004547E2 /* Tempo WatchKit App.app */;
			productType = "com.apple.product-type.application.watchapp2";
		};
		E342895A20321ABF004547E2 /* Tempo WatchKit Extension */ = {
			isa = PBXNativeTarget;
			buildConfigurationList = E342896C20321ABF004547E2 /* Build configuration list for PBXNativeTarget "Tempo WatchKit Extension" */;
			buildPhases = (
				048905EC14426E8546F26752 /* [CP] Check Pods Manifest.lock */,
				E342895720321ABF004547E2 /* Sources */,
				E342895820321ABF004547E2 /* Frameworks */,
				E342895920321ABF004547E2 /* Resources */,
				2BBCB97D5800B6BDC70A3D8E /* [CP] Embed Pods Frameworks */,
				AE5B3BF129BD60FE4091095F /* [CP] Copy Pods Resources */,
			);
			buildRules = (
			);
			dependencies = (
			);
			name = "Tempo WatchKit Extension";
			productName = "Tempo WatchKit Extension";
			productReference = E342895B20321ABF004547E2 /* Tempo WatchKit Extension.appex */;
			productType = "com.apple.product-type.watchkit2-extension";
		};
/* End PBXNativeTarget section */

/* Begin PBXProject section */
		E342893220321ABF004547E2 /* Project object */ = {
			isa = PBXProject;
			attributes = {
				LastSwiftUpdateCheck = 0920;
				LastUpgradeCheck = 0920;
				ORGANIZATIONNAME = "Alec Rodgers";
				TargetAttributes = {
					E342893920321ABF004547E2 = {
						CreatedOnToolsVersion = 9.2;
						ProvisioningStyle = Automatic;
					};
					E342894B20321ABF004547E2 = {
						CreatedOnToolsVersion = 9.2;
						ProvisioningStyle = Automatic;
						SystemCapabilities = {
							com.apple.ApplicationGroups.iOS = {
								enabled = 0;
							};
						};
					};
					E342895A20321ABF004547E2 = {
						CreatedOnToolsVersion = 9.2;
						ProvisioningStyle = Automatic;
						SystemCapabilities = {
							com.apple.ApplicationGroups.iOS = {
								enabled = 0;
							};
							com.apple.BackgroundModes.watchos.extension = {
								enabled = 1;
							};
						};
					};
				};
			};
			buildConfigurationList = E342893520321ABF004547E2 /* Build configuration list for PBXProject "Tempo" */;
			compatibilityVersion = "Xcode 8.0";
			developmentRegion = en;
			hasScannedForEncodings = 0;
			knownRegions = (
				en,
				Base,
			);
			mainGroup = E342893120321ABF004547E2;
			productRefGroup = E342893B20321ABF004547E2 /* Products */;
			projectDirPath = "";
			projectRoot = "";
			targets = (
				E342893920321ABF004547E2 /* Tempo */,
				E342894B20321ABF004547E2 /* Tempo WatchKit App */,
				E342895A20321ABF004547E2 /* Tempo WatchKit Extension */,
			);
		};
/* End PBXProject section */

/* Begin PBXResourcesBuildPhase section */
		E342893820321ABF004547E2 /* Resources */ = {
			isa = PBXResourcesBuildPhase;
			buildActionMask = 2147483647;
			files = (
				E3AF0A72203E26CD00375795 /* beep.wav in Resources */,
				E308B43F2034713100FB1EE5 /* beep.wav in Resources */,
				E342894820321ABF004547E2 /* LaunchScreen.storyboard in Resources */,
				E342894520321ABF004547E2 /* Assets.xcassets in Resources */,
				E342894320321ABF004547E2 /* Main.storyboard in Resources */,
			);
			runOnlyForDeploymentPostprocessing = 0;
		};
		E342894A20321ABF004547E2 /* Resources */ = {
			isa = PBXResourcesBuildPhase;
			buildActionMask = 2147483647;
			files = (
				E342895520321ABF004547E2 /* Assets.xcassets in Resources */,
				E342895320321ABF004547E2 /* Interface.storyboard in Resources */,
			);
			runOnlyForDeploymentPostprocessing = 0;
		};
		E342895920321ABF004547E2 /* Resources */ = {
			isa = PBXResourcesBuildPhase;
			buildActionMask = 2147483647;
			files = (
				E36B1A9220333FCA00F21269 /* beep.wav in Resources */,
				E342896720321ABF004547E2 /* Assets.xcassets in Resources */,
			);
			runOnlyForDeploymentPostprocessing = 0;
		};
/* End PBXResourcesBuildPhase section */

/* Begin PBXShellScriptBuildPhase section */
		048905EC14426E8546F26752 /* [CP] Check Pods Manifest.lock */ = {
			isa = PBXShellScriptBuildPhase;
			buildActionMask = 2147483647;
			files = (
			);
			inputPaths = (
				"${PODS_PODFILE_DIR_PATH}/Podfile.lock",
				"${PODS_ROOT}/Manifest.lock",
			);
			name = "[CP] Check Pods Manifest.lock";
			outputPaths = (
				"$(DERIVED_FILE_DIR)/Pods-Tempo WatchKit Extension-checkManifestLockResult.txt",
			);
			runOnlyForDeploymentPostprocessing = 0;
			shellPath = /bin/sh;
			shellScript = "diff \"${PODS_PODFILE_DIR_PATH}/Podfile.lock\" \"${PODS_ROOT}/Manifest.lock\" > /dev/null\nif [ $? != 0 ] ; then\n    # print error to STDERR\n    echo \"error: The sandbox is not in sync with the Podfile.lock. Run 'pod install' or update your CocoaPods installation.\" >&2\n    exit 1\nfi\n# This output is used by Xcode 'outputs' to avoid re-running this script phase.\necho \"SUCCESS\" > \"${SCRIPT_OUTPUT_FILE_0}\"\n";
			showEnvVarsInLog = 0;
		};
		1D1B27173DC6F4465C96C4C3 /* [CP] Check Pods Manifest.lock */ = {
			isa = PBXShellScriptBuildPhase;
			buildActionMask = 2147483647;
			files = (
			);
			inputPaths = (
				"${PODS_PODFILE_DIR_PATH}/Podfile.lock",
				"${PODS_ROOT}/Manifest.lock",
			);
			name = "[CP] Check Pods Manifest.lock";
			outputPaths = (
				"$(DERIVED_FILE_DIR)/Pods-Tempo-checkManifestLockResult.txt",
			);
			runOnlyForDeploymentPostprocessing = 0;
			shellPath = /bin/sh;
			shellScript = "diff \"${PODS_PODFILE_DIR_PATH}/Podfile.lock\" \"${PODS_ROOT}/Manifest.lock\" > /dev/null\nif [ $? != 0 ] ; then\n    # print error to STDERR\n    echo \"error: The sandbox is not in sync with the Podfile.lock. Run 'pod install' or update your CocoaPods installation.\" >&2\n    exit 1\nfi\n# This output is used by Xcode 'outputs' to avoid re-running this script phase.\necho \"SUCCESS\" > \"${SCRIPT_OUTPUT_FILE_0}\"\n";
			showEnvVarsInLog = 0;
		};
		263A13A455E2333C18BD95F3 /* [CP] Check Pods Manifest.lock */ = {
			isa = PBXShellScriptBuildPhase;
			buildActionMask = 2147483647;
			files = (
			);
			inputPaths = (
				"${PODS_PODFILE_DIR_PATH}/Podfile.lock",
				"${PODS_ROOT}/Manifest.lock",
			);
			name = "[CP] Check Pods Manifest.lock";
			outputPaths = (
				"$(DERIVED_FILE_DIR)/Pods-Tempo WatchKit App-checkManifestLockResult.txt",
			);
			runOnlyForDeploymentPostprocessing = 0;
			shellPath = /bin/sh;
			shellScript = "diff \"${PODS_PODFILE_DIR_PATH}/Podfile.lock\" \"${PODS_ROOT}/Manifest.lock\" > /dev/null\nif [ $? != 0 ] ; then\n    # print error to STDERR\n    echo \"error: The sandbox is not in sync with the Podfile.lock. Run 'pod install' or update your CocoaPods installation.\" >&2\n    exit 1\nfi\n# This output is used by Xcode 'outputs' to avoid re-running this script phase.\necho \"SUCCESS\" > \"${SCRIPT_OUTPUT_FILE_0}\"\n";
			showEnvVarsInLog = 0;
		};
		2BBCB97D5800B6BDC70A3D8E /* [CP] Embed Pods Frameworks */ = {
			isa = PBXShellScriptBuildPhase;
			buildActionMask = 2147483647;
			files = (
			);
			inputPaths = (
			);
			name = "[CP] Embed Pods Frameworks";
			outputPaths = (
			);
			runOnlyForDeploymentPostprocessing = 0;
			shellPath = /bin/sh;
			shellScript = "\"${SRCROOT}/Pods/Target Support Files/Pods-Tempo WatchKit Extension/Pods-Tempo WatchKit Extension-frameworks.sh\"\n";
			showEnvVarsInLog = 0;
		};
		2C2D4563C917E2EE0F5BBBF6 /* [CP] Embed Pods Frameworks */ = {
			isa = PBXShellScriptBuildPhase;
			buildActionMask = 2147483647;
			files = (
			);
			inputPaths = (
			);
			name = "[CP] Embed Pods Frameworks";
			outputPaths = (
			);
			runOnlyForDeploymentPostprocessing = 0;
			shellPath = /bin/sh;
			shellScript = "\"${SRCROOT}/Pods/Target Support Files/Pods-Tempo/Pods-Tempo-frameworks.sh\"\n";
			showEnvVarsInLog = 0;
		};
		48B75A2DBE97B182CE66FB15 /* [CP] Copy Pods Resources */ = {
			isa = PBXShellScriptBuildPhase;
			buildActionMask = 2147483647;
			files = (
			);
			inputPaths = (
			);
			name = "[CP] Copy Pods Resources";
			outputPaths = (
			);
			runOnlyForDeploymentPostprocessing = 0;
			shellPath = /bin/sh;
			shellScript = "\"${SRCROOT}/Pods/Target Support Files/Pods-Tempo WatchKit App/Pods-Tempo WatchKit App-resources.sh\"\n";
			showEnvVarsInLog = 0;
		};
		AE5B3BF129BD60FE4091095F /* [CP] Copy Pods Resources */ = {
			isa = PBXShellScriptBuildPhase;
			buildActionMask = 2147483647;
			files = (
			);
			inputPaths = (
			);
			name = "[CP] Copy Pods Resources";
			outputPaths = (
			);
			runOnlyForDeploymentPostprocessing = 0;
			shellPath = /bin/sh;
			shellScript = "\"${SRCROOT}/Pods/Target Support Files/Pods-Tempo WatchKit Extension/Pods-Tempo WatchKit Extension-resources.sh\"\n";
			showEnvVarsInLog = 0;
		};
		C0E39011FAB6FEB306DF66A9 /* [CP] Copy Pods Resources */ = {
			isa = PBXShellScriptBuildPhase;
			buildActionMask = 2147483647;
			files = (
			);
			inputPaths = (
			);
			name = "[CP] Copy Pods Resources";
			outputPaths = (
			);
			runOnlyForDeploymentPostprocessing = 0;
			shellPath = /bin/sh;
			shellScript = "\"${SRCROOT}/Pods/Target Support Files/Pods-Tempo/Pods-Tempo-resources.sh\"\n";
			showEnvVarsInLog = 0;
		};
/* End PBXShellScriptBuildPhase section */

/* Begin PBXSourcesBuildPhase section */
		E342893620321ABF004547E2 /* Sources */ = {
			isa = PBXSourcesBuildPhase;
			buildActionMask = 2147483647;
			files = (
				E35392DF20388F05000BCAF6 /* TimerViewController.swift in Sources */,
				E342894020321ABF004547E2 /* MainMenuViewController.swift in Sources */,
				E31D255B203E46BC000FDCA0 /* AudioManager.swift in Sources */,
				E313CBB1203733F10018D727 /* UIPickerView+Label.swift in Sources */,
				E3E537D32032A12C00A3D8A7 /* Double+Round.swift in Sources */,
				E342893E20321ABF004547E2 /* AppDelegate.swift in Sources */,
				E3E6362F203A474100CA0513 /* LapCell.swift in Sources */,
				E33D081B2038C857005C3A88 /* UtilHelper.swift in Sources */,
			);
			runOnlyForDeploymentPostprocessing = 0;
		};
		E342895720321ABF004547E2 /* Sources */ = {
			isa = PBXSourcesBuildPhase;
			buildActionMask = 2147483647;
			files = (
				E36B1A9020333C4D00F21269 /* AudioManager.swift in Sources */,
				E308B443203485B200FB1EE5 /* WatchUtilHelper.swift in Sources */,
				E308B4412034761500FB1EE5 /* WorkoutManager.swift in Sources */,
				E33D08192038C7F6005C3A88 /* WKInterfaceDevice+WatchResolution.swift in Sources */,
				E3B167F22032A2A200AD7F7A /* Double+Round.swift in Sources */,
				E342897820322F2E004547E2 /* MainMenuController.swift in Sources */,
				E342896320321ABF004547E2 /* ExtensionDelegate.swift in Sources */,
				E342896120321ABF004547E2 /* TimerController.swift in Sources */,
			);
			runOnlyForDeploymentPostprocessing = 0;
		};
/* End PBXSourcesBuildPhase section */

/* Begin PBXTargetDependency section */
		E342894F20321ABF004547E2 /* PBXTargetDependency */ = {
			isa = PBXTargetDependency;
			target = E342894B20321ABF004547E2 /* Tempo WatchKit App */;
			targetProxy = E342894E20321ABF004547E2 /* PBXContainerItemProxy */;
		};
		E342895E20321ABF004547E2 /* PBXTargetDependency */ = {
			isa = PBXTargetDependency;
			target = E342895A20321ABF004547E2 /* Tempo WatchKit Extension */;
			targetProxy = E342895D20321ABF004547E2 /* PBXContainerItemProxy */;
		};
/* End PBXTargetDependency section */

/* Begin PBXVariantGroup section */
		E342894120321ABF004547E2 /* Main.storyboard */ = {
			isa = PBXVariantGroup;
			children = (
				E342894220321ABF004547E2 /* Base */,
			);
			name = Main.storyboard;
			sourceTree = "<group>";
		};
		E342894620321ABF004547E2 /* LaunchScreen.storyboard */ = {
			isa = PBXVariantGroup;
			children = (
				E342894720321ABF004547E2 /* Base */,
			);
			name = LaunchScreen.storyboard;
			sourceTree = "<group>";
		};
		E342895120321ABF004547E2 /* Interface.storyboard */ = {
			isa = PBXVariantGroup;
			children = (
				E342895220321ABF004547E2 /* Base */,
			);
			name = Interface.storyboard;
			sourceTree = "<group>";
		};
/* End PBXVariantGroup section */

/* Begin XCBuildConfiguration section */
		E342896A20321ABF004547E2 /* Debug */ = {
			isa = XCBuildConfiguration;
			buildSettings = {
				ALWAYS_SEARCH_USER_PATHS = NO;
				CLANG_ANALYZER_NONNULL = YES;
				CLANG_ANALYZER_NUMBER_OBJECT_CONVERSION = YES_AGGRESSIVE;
				CLANG_CXX_LANGUAGE_STANDARD = "gnu++14";
				CLANG_CXX_LIBRARY = "libc++";
				CLANG_ENABLE_MODULES = YES;
				CLANG_ENABLE_OBJC_ARC = YES;
				CLANG_WARN_BLOCK_CAPTURE_AUTORELEASING = YES;
				CLANG_WARN_BOOL_CONVERSION = YES;
				CLANG_WARN_COMMA = YES;
				CLANG_WARN_CONSTANT_CONVERSION = YES;
				CLANG_WARN_DIRECT_OBJC_ISA_USAGE = YES_ERROR;
				CLANG_WARN_DOCUMENTATION_COMMENTS = YES;
				CLANG_WARN_EMPTY_BODY = YES;
				CLANG_WARN_ENUM_CONVERSION = YES;
				CLANG_WARN_INFINITE_RECURSION = YES;
				CLANG_WARN_INT_CONVERSION = YES;
				CLANG_WARN_NON_LITERAL_NULL_CONVERSION = YES;
				CLANG_WARN_OBJC_LITERAL_CONVERSION = YES;
				CLANG_WARN_OBJC_ROOT_CLASS = YES_ERROR;
				CLANG_WARN_RANGE_LOOP_ANALYSIS = YES;
				CLANG_WARN_STRICT_PROTOTYPES = YES;
				CLANG_WARN_SUSPICIOUS_MOVE = YES;
				CLANG_WARN_UNGUARDED_AVAILABILITY = YES_AGGRESSIVE;
				CLANG_WARN_UNREACHABLE_CODE = YES;
				CLANG_WARN__DUPLICATE_METHOD_MATCH = YES;
				CODE_SIGN_IDENTITY = "iPhone Developer";
				COPY_PHASE_STRIP = NO;
				DEBUG_INFORMATION_FORMAT = dwarf;
				ENABLE_STRICT_OBJC_MSGSEND = YES;
				ENABLE_TESTABILITY = YES;
				GCC_C_LANGUAGE_STANDARD = gnu11;
				GCC_DYNAMIC_NO_PIC = NO;
				GCC_NO_COMMON_BLOCKS = YES;
				GCC_OPTIMIZATION_LEVEL = 0;
				GCC_PREPROCESSOR_DEFINITIONS = (
					"DEBUG=1",
					"$(inherited)",
				);
				GCC_WARN_64_TO_32_BIT_CONVERSION = YES;
				GCC_WARN_ABOUT_RETURN_TYPE = YES_ERROR;
				GCC_WARN_UNDECLARED_SELECTOR = YES;
				GCC_WARN_UNINITIALIZED_AUTOS = YES_AGGRESSIVE;
				GCC_WARN_UNUSED_FUNCTION = YES;
				GCC_WARN_UNUSED_VARIABLE = YES;
				IPHONEOS_DEPLOYMENT_TARGET = 11.2;
				MTL_ENABLE_DEBUG_INFO = YES;
				ONLY_ACTIVE_ARCH = YES;
				SDKROOT = iphoneos;
				SWIFT_ACTIVE_COMPILATION_CONDITIONS = DEBUG;
				SWIFT_OPTIMIZATION_LEVEL = "-Onone";
			};
			name = Debug;
		};
		E342896B20321ABF004547E2 /* Release */ = {
			isa = XCBuildConfiguration;
			buildSettings = {
				ALWAYS_SEARCH_USER_PATHS = NO;
				CLANG_ANALYZER_NONNULL = YES;
				CLANG_ANALYZER_NUMBER_OBJECT_CONVERSION = YES_AGGRESSIVE;
				CLANG_CXX_LANGUAGE_STANDARD = "gnu++14";
				CLANG_CXX_LIBRARY = "libc++";
				CLANG_ENABLE_MODULES = YES;
				CLANG_ENABLE_OBJC_ARC = YES;
				CLANG_WARN_BLOCK_CAPTURE_AUTORELEASING = YES;
				CLANG_WARN_BOOL_CONVERSION = YES;
				CLANG_WARN_COMMA = YES;
				CLANG_WARN_CONSTANT_CONVERSION = YES;
				CLANG_WARN_DIRECT_OBJC_ISA_USAGE = YES_ERROR;
				CLANG_WARN_DOCUMENTATION_COMMENTS = YES;
				CLANG_WARN_EMPTY_BODY = YES;
				CLANG_WARN_ENUM_CONVERSION = YES;
				CLANG_WARN_INFINITE_RECURSION = YES;
				CLANG_WARN_INT_CONVERSION = YES;
				CLANG_WARN_NON_LITERAL_NULL_CONVERSION = YES;
				CLANG_WARN_OBJC_LITERAL_CONVERSION = YES;
				CLANG_WARN_OBJC_ROOT_CLASS = YES_ERROR;
				CLANG_WARN_RANGE_LOOP_ANALYSIS = YES;
				CLANG_WARN_STRICT_PROTOTYPES = YES;
				CLANG_WARN_SUSPICIOUS_MOVE = YES;
				CLANG_WARN_UNGUARDED_AVAILABILITY = YES_AGGRESSIVE;
				CLANG_WARN_UNREACHABLE_CODE = YES;
				CLANG_WARN__DUPLICATE_METHOD_MATCH = YES;
				CODE_SIGN_IDENTITY = "iPhone Developer";
				COPY_PHASE_STRIP = NO;
				DEBUG_INFORMATION_FORMAT = "dwarf-with-dsym";
				ENABLE_NS_ASSERTIONS = NO;
				ENABLE_STRICT_OBJC_MSGSEND = YES;
				GCC_C_LANGUAGE_STANDARD = gnu11;
				GCC_NO_COMMON_BLOCKS = YES;
				GCC_WARN_64_TO_32_BIT_CONVERSION = YES;
				GCC_WARN_ABOUT_RETURN_TYPE = YES_ERROR;
				GCC_WARN_UNDECLARED_SELECTOR = YES;
				GCC_WARN_UNINITIALIZED_AUTOS = YES_AGGRESSIVE;
				GCC_WARN_UNUSED_FUNCTION = YES;
				GCC_WARN_UNUSED_VARIABLE = YES;
				IPHONEOS_DEPLOYMENT_TARGET = 11.2;
				MTL_ENABLE_DEBUG_INFO = NO;
				SDKROOT = iphoneos;
				SWIFT_OPTIMIZATION_LEVEL = "-Owholemodule";
				VALIDATE_PRODUCT = YES;
			};
			name = Release;
		};
		E342896D20321ABF004547E2 /* Debug */ = {
			isa = XCBuildConfiguration;
			baseConfigurationReference = 07A6B660D14AD5CBFA5E30A4 /* Pods-Tempo WatchKit Extension.debug.xcconfig */;
			buildSettings = {
				ASSETCATALOG_COMPILER_COMPLICATION_NAME = Complication;
				CODE_SIGN_STYLE = Automatic;
				DEVELOPMENT_TEAM = 4Q7UMUTU9B;
				INFOPLIST_FILE = "Tempo WatchKit Extension/Info.plist";
				LD_RUNPATH_SEARCH_PATHS = "$(inherited) @executable_path/Frameworks @executable_path/../../Frameworks";
				PRODUCT_BUNDLE_IDENTIFIER = AlecR.Tempo.watchkitapp.watchkitextension;
				PRODUCT_NAME = "${TARGET_NAME}";
				SDKROOT = watchos;
				SKIP_INSTALL = YES;
				SWIFT_VERSION = 4.0;
				TARGETED_DEVICE_FAMILY = 4;
				WATCHOS_DEPLOYMENT_TARGET = 4.2;
			};
			name = Debug;
		};
		E342896E20321ABF004547E2 /* Release */ = {
			isa = XCBuildConfiguration;
			baseConfigurationReference = DB84535AA2B52512D85A87FD /* Pods-Tempo WatchKit Extension.release.xcconfig */;
			buildSettings = {
				ASSETCATALOG_COMPILER_COMPLICATION_NAME = Complication;
				CODE_SIGN_STYLE = Automatic;
				DEVELOPMENT_TEAM = 4Q7UMUTU9B;
				INFOPLIST_FILE = "Tempo WatchKit Extension/Info.plist";
				LD_RUNPATH_SEARCH_PATHS = "$(inherited) @executable_path/Frameworks @executable_path/../../Frameworks";
				PRODUCT_BUNDLE_IDENTIFIER = AlecR.Tempo.watchkitapp.watchkitextension;
				PRODUCT_NAME = "${TARGET_NAME}";
				SDKROOT = watchos;
				SKIP_INSTALL = YES;
				SWIFT_VERSION = 4.0;
				TARGETED_DEVICE_FAMILY = 4;
				WATCHOS_DEPLOYMENT_TARGET = 4.2;
			};
			name = Release;
		};
		E342897120321ABF004547E2 /* Debug */ = {
			isa = XCBuildConfiguration;
			baseConfigurationReference = FC310D69B67264E4D8E485EA /* Pods-Tempo WatchKit App.debug.xcconfig */;
			buildSettings = {
				ALWAYS_EMBED_SWIFT_STANDARD_LIBRARIES = YES;
				ASSETCATALOG_COMPILER_APPICON_NAME = AppIcon;
				CODE_SIGN_STYLE = Automatic;
				DEVELOPMENT_TEAM = 4Q7UMUTU9B;
				IBSC_MODULE = Tempo_WatchKit_Extension;
				INFOPLIST_FILE = "Tempo WatchKit App/Info.plist";
				PRODUCT_BUNDLE_IDENTIFIER = AlecR.Tempo.watchkitapp;
				PRODUCT_NAME = "$(TARGET_NAME)";
				SDKROOT = watchos;
				SKIP_INSTALL = YES;
				SWIFT_VERSION = 4.0;
				TARGETED_DEVICE_FAMILY = 4;
				WATCHOS_DEPLOYMENT_TARGET = 4.2;
			};
			name = Debug;
		};
		E342897220321ABF004547E2 /* Release */ = {
			isa = XCBuildConfiguration;
			baseConfigurationReference = 91BF3D9D19136007730CE085 /* Pods-Tempo WatchKit App.release.xcconfig */;
			buildSettings = {
				ALWAYS_EMBED_SWIFT_STANDARD_LIBRARIES = YES;
				ASSETCATALOG_COMPILER_APPICON_NAME = AppIcon;
				CODE_SIGN_STYLE = Automatic;
				DEVELOPMENT_TEAM = 4Q7UMUTU9B;
				IBSC_MODULE = Tempo_WatchKit_Extension;
				INFOPLIST_FILE = "Tempo WatchKit App/Info.plist";
				PRODUCT_BUNDLE_IDENTIFIER = AlecR.Tempo.watchkitapp;
				PRODUCT_NAME = "$(TARGET_NAME)";
				SDKROOT = watchos;
				SKIP_INSTALL = YES;
				SWIFT_VERSION = 4.0;
				TARGETED_DEVICE_FAMILY = 4;
				WATCHOS_DEPLOYMENT_TARGET = 4.2;
			};
			name = Release;
		};
		E342897520321ABF004547E2 /* Debug */ = {
			isa = XCBuildConfiguration;
			baseConfigurationReference = BCB79FEF48FDA4CBFD8BE50D /* Pods-Tempo.debug.xcconfig */;
			buildSettings = {
				ASSETCATALOG_COMPILER_APPICON_NAME = AppIcon;
				CODE_SIGN_STYLE = Automatic;
				DEVELOPMENT_TEAM = 4Q7UMUTU9B;
				INFOPLIST_FILE = Tempo/Info.plist;
				LD_RUNPATH_SEARCH_PATHS = "$(inherited) @executable_path/Frameworks";
				PRODUCT_BUNDLE_IDENTIFIER = AlecR.Tempo;
				PRODUCT_NAME = "$(TARGET_NAME)";
				SWIFT_VERSION = 4.0;
				TARGETED_DEVICE_FAMILY = "1,2";
			};
			name = Debug;
		};
		E342897620321ABF004547E2 /* Release */ = {
			isa = XCBuildConfiguration;
			baseConfigurationReference = 7EBA69B720A5CA784C107CA3 /* Pods-Tempo.release.xcconfig */;
			buildSettings = {
				ASSETCATALOG_COMPILER_APPICON_NAME = AppIcon;
				CODE_SIGN_STYLE = Automatic;
				DEVELOPMENT_TEAM = 4Q7UMUTU9B;
				INFOPLIST_FILE = Tempo/Info.plist;
				LD_RUNPATH_SEARCH_PATHS = "$(inherited) @executable_path/Frameworks";
				PRODUCT_BUNDLE_IDENTIFIER = AlecR.Tempo;
				PRODUCT_NAME = "$(TARGET_NAME)";
				SWIFT_VERSION = 4.0;
				TARGETED_DEVICE_FAMILY = "1,2";
			};
			name = Release;
		};
/* End XCBuildConfiguration section */

/* Begin XCConfigurationList section */
		E342893520321ABF004547E2 /* Build configuration list for PBXProject "Tempo" */ = {
			isa = XCConfigurationList;
			buildConfigurations = (
				E342896A20321ABF004547E2 /* Debug */,
				E342896B20321ABF004547E2 /* Release */,
			);
			defaultConfigurationIsVisible = 0;
			defaultConfigurationName = Release;
		};
		E342896C20321ABF004547E2 /* Build configuration list for PBXNativeTarget "Tempo WatchKit Extension" */ = {
			isa = XCConfigurationList;
			buildConfigurations = (
				E342896D20321ABF004547E2 /* Debug */,
				E342896E20321ABF004547E2 /* Release */,
			);
			defaultConfigurationIsVisible = 0;
			defaultConfigurationName = Release;
		};
		E342897020321ABF004547E2 /* Build configuration list for PBXNativeTarget "Tempo WatchKit App" */ = {
			isa = XCConfigurationList;
			buildConfigurations = (
				E342897120321ABF004547E2 /* Debug */,
				E342897220321ABF004547E2 /* Release */,
			);
			defaultConfigurationIsVisible = 0;
			defaultConfigurationName = Release;
		};
		E342897420321ABF004547E2 /* Build configuration list for PBXNativeTarget "Tempo" */ = {
			isa = XCConfigurationList;
			buildConfigurations = (
				E342897520321ABF004547E2 /* Debug */,
				E342897620321ABF004547E2 /* Release */,
			);
			defaultConfigurationIsVisible = 0;
			defaultConfigurationName = Release;
		};
/* End XCConfigurationList section */
	};
	rootObject = E342893220321ABF004547E2 /* Project object */;
}
